
Microsoft Visual Studio Solution File, Format Version 12.00
# Visual Studio Version 17
VisualStudioVersion = 17.10.35004.147
MinimumVisualStudioVersion = 10.0.40219.1
Project("{9A19103F-16F7-4668-BE54-9A1E7A4F7556}") = "SignalRServer", "SignalRServer\SignalRServer.csproj", "{C5E176D2-6EDD-4740-8630-BD01998BED80}"
EndProject
Project("{9A19103F-16F7-4668-BE54-9A1E7A4F7556}") = "SignalRClient", "SignalRClient\SignalRClient.csproj", "{1DB53991-89E3-4BA0-A176-DB5309B9D942}"
EndProject
Global
	GlobalSection(SolutionConfigurationPlatforms) = preSolution
		Debug|Any CPU = Debug|Any CPU
		Release|Any CPU = Release|Any CPU
	EndGlobalSection
	GlobalSection(ProjectConfigurationPlatforms) = postSolution
		{C5E176D2-6EDD-4740-8630-BD01998BED80}.Debug|Any CPU.ActiveCfg = Debug|Any CPU
		{C5E176D2-6EDD-4740-8630-BD01998BED80}.Debug|Any CPU.Build.0 = Debug|Any CPU
		{C5E176D2-6EDD-4740-8630-BD01998BED80}.Release|Any CPU.ActiveCfg = Release|Any CPU
		{C5E176D2-6EDD-4740-8630-BD01998BED80}.Release|Any CPU.Build.0 = Release|Any CPU
		{1DB53991-89E3-4BA0-A176-DB5309B9D942}.Debug|Any CPU.ActiveCfg = Debug|Any CPU
		{1DB53991-89E3-4BA0-A176-DB5309B9D942}.Debug|Any CPU.Build.0 = Debug|Any CPU
		{1DB53991-89E3-4BA0-A176-DB5309B9D942}.Release|Any CPU.ActiveCfg = Release|Any CPU
		{1DB53991-89E3-4BA0-A176-DB5309B9D942}.Release|Any CPU.Build.0 = Release|Any CPU
	EndGlobalSection
	GlobalSection(SolutionProperties) = preSolution
		HideSolutionNode = FALSE
	EndGlobalSection
	GlobalSection(ExtensibilityGlobals) = postSolution
		SolutionGuid = {7A0CC703-CCBA-4287-9379-11313EE55D88}
	EndGlobalSection
EndGlobal
